// !$*UTF8*$!
{
	archiveVersion = 1;
	classes = {
	};
	objectVersion = 50;
	objects = {

/* Begin PBXBuildFile section */
		2C094AD7D551197030C5D606 /* Pods_UniswapKitDemo.framework in Frameworks */ = {isa = PBXBuildFile; fileRef = F414BAD4D992DC70EAED35BD /* Pods_UniswapKitDemo.framework */; };
		B54E88FB249F64F400047704 /* AppDelegate.swift in Sources */ = {isa = PBXBuildFile; fileRef = B54E88FA249F64F400047704 /* AppDelegate.swift */; };
		B54E88FD249F64F400047704 /* SceneDelegate.swift in Sources */ = {isa = PBXBuildFile; fileRef = B54E88FC249F64F400047704 /* SceneDelegate.swift */; };
		B54E88FF249F64F400047704 /* ViewController.swift in Sources */ = {isa = PBXBuildFile; fileRef = B54E88FE249F64F400047704 /* ViewController.swift */; };
		B54E8902249F64F400047704 /* Main.storyboard in Resources */ = {isa = PBXBuildFile; fileRef = B54E8900249F64F400047704 /* Main.storyboard */; };
		B54E8904249F64F600047704 /* Assets.xcassets in Resources */ = {isa = PBXBuildFile; fileRef = B54E8903249F64F600047704 /* Assets.xcassets */; };
		B54E8907249F64F600047704 /* LaunchScreen.storyboard in Resources */ = {isa = PBXBuildFile; fileRef = B54E8905249F64F600047704 /* LaunchScreen.storyboard */; };
/* End PBXBuildFile section */

/* Begin PBXFileReference section */
		2823F65ED4980A0B78BDCCDB /* Pods-UniswapKitDemo.release.xcconfig */ = {isa = PBXFileReference; includeInIndex = 1; lastKnownFileType = text.xcconfig; name = "Pods-UniswapKitDemo.release.xcconfig"; path = "Target Support Files/Pods-UniswapKitDemo/Pods-UniswapKitDemo.release.xcconfig"; sourceTree = "<group>"; };
		B54E88F7249F64F400047704 /* UniswapKitDemo.app */ = {isa = PBXFileReference; explicitFileType = wrapper.application; includeInIndex = 0; path = UniswapKitDemo.app; sourceTree = BUILT_PRODUCTS_DIR; };
		B54E88FA249F64F400047704 /* AppDelegate.swift */ = {isa = PBXFileReference; lastKnownFileType = sourcecode.swift; path = AppDelegate.swift; sourceTree = "<group>"; };
		B54E88FC249F64F400047704 /* SceneDelegate.swift */ = {isa = PBXFileReference; lastKnownFileType = sourcecode.swift; path = SceneDelegate.swift; sourceTree = "<group>"; };
		B54E88FE249F64F400047704 /* ViewController.swift */ = {isa = PBXFileReference; lastKnownFileType = sourcecode.swift; path = ViewController.swift; sourceTree = "<group>"; };
		B54E8901249F64F400047704 /* Base */ = {isa = PBXFileReference; lastKnownFileType = file.storyboard; name = Base; path = Base.lproj/Main.storyboard; sourceTree = "<group>"; };
		B54E8903249F64F600047704 /* Assets.xcassets */ = {isa = PBXFileReference; lastKnownFileType = folder.assetcatalog; path = Assets.xcassets; sourceTree = "<group>"; };
		B54E8906249F64F600047704 /* Base */ = {isa = PBXFileReference; lastKnownFileType = file.storyboard; name = Base; path = Base.lproj/LaunchScreen.storyboard; sourceTree = "<group>"; };
		B54E8908249F64F600047704 /* Info.plist */ = {isa = PBXFileReference; lastKnownFileType = text.plist.xml; path = Info.plist; sourceTree = "<group>"; };
		CB6C62AE9265E70AA7B92C59 /* Pods-UniswapKitDemo.debug.xcconfig */ = {isa = PBXFileReference; includeInIndex = 1; lastKnownFileType = text.xcconfig; name = "Pods-UniswapKitDemo.debug.xcconfig"; path = "Target Support Files/Pods-UniswapKitDemo/Pods-UniswapKitDemo.debug.xcconfig"; sourceTree = "<group>"; };
		F414BAD4D992DC70EAED35BD /* Pods_UniswapKitDemo.framework */ = {isa = PBXFileReference; explicitFileType = wrapper.framework; includeInIndex = 0; path = Pods_UniswapKitDemo.framework; sourceTree = BUILT_PRODUCTS_DIR; };
/* End PBXFileReference section */

/* Begin PBXFrameworksBuildPhase section */
		B54E88F4249F64F400047704 /* Frameworks */ = {
			isa = PBXFrameworksBuildPhase;
			buildActionMask = 2147483647;
			files = (
				2C094AD7D551197030C5D606 /* Pods_UniswapKitDemo.framework in Frameworks */,
			);
			runOnlyForDeploymentPostprocessing = 0;
		};
/* End PBXFrameworksBuildPhase section */

/* Begin PBXGroup section */
		29E4BC296637EE7F312501C4 /* Frameworks */ = {
			isa = PBXGroup;
			children = (
				F414BAD4D992DC70EAED35BD /* Pods_UniswapKitDemo.framework */,
			);
			name = Frameworks;
			sourceTree = "<group>";
		};
		A6CB7A4B59FCF9A2244FC391 /* Pods */ = {
			isa = PBXGroup;
			children = (
				CB6C62AE9265E70AA7B92C59 /* Pods-UniswapKitDemo.debug.xcconfig */,
				2823F65ED4980A0B78BDCCDB /* Pods-UniswapKitDemo.release.xcconfig */,
			);
			name = Pods;
			path = ../Pods;
			sourceTree = "<group>";
		};
		B54E88EE249F64F400047704 = {
			isa = PBXGroup;
			children = (
				B54E88F9249F64F400047704 /* UniswapKitDemo */,
				B54E88F8249F64F400047704 /* Products */,
				A6CB7A4B59FCF9A2244FC391 /* Pods */,
				29E4BC296637EE7F312501C4 /* Frameworks */,
			);
			sourceTree = "<group>";
		};
		B54E88F8249F64F400047704 /* Products */ = {
			isa = PBXGroup;
			children = (
				B54E88F7249F64F400047704 /* UniswapKitDemo.app */,
			);
			name = Products;
			sourceTree = "<group>";
		};
		B54E88F9249F64F400047704 /* UniswapKitDemo */ = {
			isa = PBXGroup;
			children = (
				B54E88FA249F64F400047704 /* AppDelegate.swift */,
				B54E88FC249F64F400047704 /* SceneDelegate.swift */,
				B54E88FE249F64F400047704 /* ViewController.swift */,
				B54E8900249F64F400047704 /* Main.storyboard */,
				B54E8903249F64F600047704 /* Assets.xcassets */,
				B54E8905249F64F600047704 /* LaunchScreen.storyboard */,
				B54E8908249F64F600047704 /* Info.plist */,
			);
			path = UniswapKitDemo;
			sourceTree = "<group>";
		};
/* End PBXGroup section */

/* Begin PBXNativeTarget section */
		B54E88F6249F64F400047704 /* UniswapKitDemo */ = {
			isa = PBXNativeTarget;
			buildConfigurationList = B54E890B249F64F600047704 /* Build configuration list for PBXNativeTarget "UniswapKitDemo" */;
			buildPhases = (
				0565B962F70EC4862E3DEB7E /* [CP] Check Pods Manifest.lock */,
				B54E88F3249F64F400047704 /* Sources */,
				B54E88F4249F64F400047704 /* Frameworks */,
				B54E88F5249F64F400047704 /* Resources */,
			);
			buildRules = (
			);
			dependencies = (
			);
			name = UniswapKitDemo;
			productName = UniswapKitDemo;
			productReference = B54E88F7249F64F400047704 /* UniswapKitDemo.app */;
			productType = "com.apple.product-type.application";
		};
/* End PBXNativeTarget section */

/* Begin PBXProject section */
		B54E88EF249F64F400047704 /* Project object */ = {
			isa = PBXProject;
			attributes = {
				LastSwiftUpdateCheck = 1150;
				LastUpgradeCheck = 1150;
				ORGANIZATIONNAME = FridayTech;
				TargetAttributes = {
					B54E88F6249F64F400047704 = {
						CreatedOnToolsVersion = 11.5;
					};
				};
			};
			buildConfigurationList = B54E88F2249F64F400047704 /* Build configuration list for PBXProject "UniswapKitDemo" */;
			compatibilityVersion = "Xcode 9.3";
			developmentRegion = en;
			hasScannedForEncodings = 0;
			knownRegions = (
				en,
				Base,
			);
			mainGroup = B54E88EE249F64F400047704;
			productRefGroup = B54E88F8249F64F400047704 /* Products */;
			projectDirPath = "";
			projectRoot = "";
			targets = (
				B54E88F6249F64F400047704 /* UniswapKitDemo */,
			);
		};
/* End PBXProject section */

/* Begin PBXResourcesBuildPhase section */
		B54E88F5249F64F400047704 /* Resources */ = {
			isa = PBXResourcesBuildPhase;
			buildActionMask = 2147483647;
			files = (
				B54E8907249F64F600047704 /* LaunchScreen.storyboard in Resources */,
				B54E8904249F64F600047704 /* Assets.xcassets in Resources */,
				B54E8902249F64F400047704 /* Main.storyboard in Resources */,
			);
			runOnlyForDeploymentPostprocessing = 0;
		};
/* End PBXResourcesBuildPhase section */

/* Begin PBXShellScriptBuildPhase section */
		0565B962F70EC4862E3DEB7E /* [CP] Check Pods Manifest.lock */ = {
			isa = PBXShellScriptBuildPhase;
			buildActionMask = 2147483647;
			files = (
			);
			inputFileListPaths = (
			);
			inputPaths = (
				"${PODS_PODFILE_DIR_PATH}/Podfile.lock",
				"${PODS_ROOT}/Manifest.lock",
			);
			name = "[CP] Check Pods Manifest.lock";
			outputFileListPaths = (
			);
			outputPaths = (
				"$(DERIVED_FILE_DIR)/Pods-UniswapKitDemo-checkManifestLockResult.txt",
			);
			runOnlyForDeploymentPostprocessing = 0;
			shellPath = /bin/sh;
			shellScript = "diff \"${PODS_PODFILE_DIR_PATH}/Podfile.lock\" \"${PODS_ROOT}/Manifest.lock\" > /dev/null\nif [ $? != 0 ] ; then\n    # print error to STDERR\n    echo \"error: The sandbox is not in sync with the Podfile.lock. Run 'pod install' or update your CocoaPods installation.\" >&2\n    exit 1\nfi\n# This output is used by Xcode 'outputs' to avoid re-running this script phase.\necho \"SUCCESS\" > \"${SCRIPT_OUTPUT_FILE_0}\"\n";
			showEnvVarsInLog = 0;
		};
/* End PBXShellScriptBuildPhase section */

/* Begin PBXSourcesBuildPhase section */
		B54E88F3249F64F400047704 /* Sources */ = {
			isa = PBXSourcesBuildPhase;
			buildActionMask = 2147483647;
			files = (
				B54E88FF249F64F400047704 /* ViewController.swift in Sources */,
				B54E88FB249F64F400047704 /* AppDelegate.swift in Sources */,
				B54E88FD249F64F400047704 /* SceneDelegate.swift in Sources */,
			);
			runOnlyForDeploymentPostprocessing = 0;
		};
/* End PBXSourcesBuildPhase section */

/* Begin PBXVariantGroup section */
		B54E8900249F64F400047704 /* Main.storyboard */ = {
			isa = PBXVariantGroup;
			children = (
				B54E8901249F64F400047704 /* Base */,
			);
			name = Main.storyboard;
			sourceTree = "<group>";
		};
		B54E8905249F64F600047704 /* LaunchScreen.storyboard */ = {
			isa = PBXVariantGroup;
			children = (
				B54E8906249F64F600047704 /* Base */,
			);
			name = LaunchScreen.storyboard;
			sourceTree = "<group>";
		};
/* End PBXVariantGroup section */

/* Begin XCBuildConfiguration section */
		B54E8909249F64F600047704 /* Debug */ = {
			isa = XCBuildConfiguration;
			buildSettings = {
				ALWAYS_SEARCH_USER_PATHS = NO;
				CLANG_ANALYZER_NONNULL = YES;
				CLANG_ANALYZER_NUMBER_OBJECT_CONVERSION = YES_AGGRESSIVE;
				CLANG_CXX_LANGUAGE_STANDARD = "gnu++14";
				CLANG_CXX_LIBRARY = "libc++";
				CLANG_ENABLE_MODULES = YES;
				CLANG_ENABLE_OBJC_ARC = YES;
				CLANG_ENABLE_OBJC_WEAK = YES;
				CLANG_WARN_BLOCK_CAPTURE_AUTORELEASING = YES;
				CLANG_WARN_BOOL_CONVERSION = YES;
				CLANG_WARN_COMMA = YES;
				CLANG_WARN_CONSTANT_CONVERSION = YES;
				CLANG_WARN_DEPRECATED_OBJC_IMPLEMENTATIONS = YES;
				CLANG_WARN_DIRECT_OBJC_ISA_USAGE = YES_ERROR;
				CLANG_WARN_DOCUMENTATION_COMMENTS = YES;
				CLANG_WARN_EMPTY_BODY = YES;
				CLANG_WARN_ENUM_CONVERSION = YES;
				CLANG_WARN_INFINITE_RECURSION = YES;
				CLANG_WARN_INT_CONVERSION = YES;
				CLANG_WARN_NON_LITERAL_NULL_CONVERSION = YES;
				CLANG_WARN_OBJC_IMPLICIT_RETAIN_SELF = YES;
				CLANG_WARN_OBJC_LITERAL_CONVERSION = YES;
				CLANG_WARN_OBJC_ROOT_CLASS = YES_ERROR;
				CLANG_WARN_RANGE_LOOP_ANALYSIS = YES;
				CLANG_WARN_STRICT_PROTOTYPES = YES;
				CLANG_WARN_SUSPICIOUS_MOVE = YES;
				CLANG_WARN_UNGUARDED_AVAILABILITY = YES_AGGRESSIVE;
				CLANG_WARN_UNREACHABLE_CODE = YES;
				CLANG_WARN__DUPLICATE_METHOD_MATCH = YES;
				COPY_PHASE_STRIP = NO;
				DEBUG_INFORMATION_FORMAT = dwarf;
				ENABLE_STRICT_OBJC_MSGSEND = YES;
				ENABLE_TESTABILITY = YES;
				GCC_C_LANGUAGE_STANDARD = gnu11;
				GCC_DYNAMIC_NO_PIC = NO;
				GCC_NO_COMMON_BLOCKS = YES;
				GCC_OPTIMIZATION_LEVEL = 0;
				GCC_PREPROCESSOR_DEFINITIONS = (
					"DEBUG=1",
					"$(inherited)",
				);
				GCC_WARN_64_TO_32_BIT_CONVERSION = YES;
				GCC_WARN_ABOUT_RETURN_TYPE = YES_ERROR;
				GCC_WARN_UNDECLARED_SELECTOR = YES;
				GCC_WARN_UNINITIALIZED_AUTOS = YES_AGGRESSIVE;
				GCC_WARN_UNUSED_FUNCTION = YES;
				GCC_WARN_UNUSED_VARIABLE = YES;
				IPHONEOS_DEPLOYMENT_TARGET = 13.5;
				MTL_ENABLE_DEBUG_INFO = INCLUDE_SOURCE;
				MTL_FAST_MATH = YES;
				ONLY_ACTIVE_ARCH = YES;
				SDKROOT = iphoneos;
				SWIFT_ACTIVE_COMPILATION_CONDITIONS = DEBUG;
				SWIFT_OPTIMIZATION_LEVEL = "-Onone";
			};
			name = Debug;
		};
		B54E890A249F64F600047704 /* Release */ = {
			isa = XCBuildConfiguration;
			buildSettings = {
				ALWAYS_SEARCH_USER_PATHS = NO;
				CLANG_ANALYZER_NONNULL = YES;
				CLANG_ANALYZER_NUMBER_OBJECT_CONVERSION = YES_AGGRESSIVE;
				CLANG_CXX_LANGUAGE_STANDARD = "gnu++14";
				CLANG_CXX_LIBRARY = "libc++";
				CLANG_ENABLE_MODULES = YES;
				CLANG_ENABLE_OBJC_ARC = YES;
				CLANG_ENABLE_OBJC_WEAK = YES;
				CLANG_WARN_BLOCK_CAPTURE_AUTORELEASING = YES;
				CLANG_WARN_BOOL_CONVERSION = YES;
				CLANG_WARN_COMMA = YES;
				CLANG_WARN_CONSTANT_CONVERSION = YES;
				CLANG_WARN_DEPRECATED_OBJC_IMPLEMENTATIONS = YES;
				CLANG_WARN_DIRECT_OBJC_ISA_USAGE = YES_ERROR;
				CLANG_WARN_DOCUMENTATION_COMMENTS = YES;
				CLANG_WARN_EMPTY_BODY = YES;
				CLANG_WARN_ENUM_CONVERSION = YES;
				CLANG_WARN_INFINITE_RECURSION = YES;
				CLANG_WARN_INT_CONVERSION = YES;
				CLANG_WARN_NON_LITERAL_NULL_CONVERSION = YES;
				CLANG_WARN_OBJC_IMPLICIT_RETAIN_SELF = YES;
				CLANG_WARN_OBJC_LITERAL_CONVERSION = YES;
				CLANG_WARN_OBJC_ROOT_CLASS = YES_ERROR;
				CLANG_WARN_RANGE_LOOP_ANALYSIS = YES;
				CLANG_WARN_STRICT_PROTOTYPES = YES;
				CLANG_WARN_SUSPICIOUS_MOVE = YES;
				CLANG_WARN_UNGUARDED_AVAILABILITY = YES_AGGRESSIVE;
				CLANG_WARN_UNREACHABLE_CODE = YES;
				CLANG_WARN__DUPLICATE_METHOD_MATCH = YES;
				COPY_PHASE_STRIP = NO;
				DEBUG_INFORMATION_FORMAT = "dwarf-with-dsym";
				ENABLE_NS_ASSERTIONS = NO;
				ENABLE_STRICT_OBJC_MSGSEND = YES;
				GCC_C_LANGUAGE_STANDARD = gnu11;
				GCC_NO_COMMON_BLOCKS = YES;
				GCC_WARN_64_TO_32_BIT_CONVERSION = YES;
				GCC_WARN_ABOUT_RETURN_TYPE = YES_ERROR;
				GCC_WARN_UNDECLARED_SELECTOR = YES;
				GCC_WARN_UNINITIALIZED_AUTOS = YES_AGGRESSIVE;
				GCC_WARN_UNUSED_FUNCTION = YES;
				GCC_WARN_UNUSED_VARIABLE = YES;
				IPHONEOS_DEPLOYMENT_TARGET = 13.5;
				MTL_ENABLE_DEBUG_INFO = NO;
				MTL_FAST_MATH = YES;
				SDKROOT = iphoneos;
				SWIFT_COMPILATION_MODE = wholemodule;
				SWIFT_OPTIMIZATION_LEVEL = "-O";
				VALIDATE_PRODUCT = YES;
			};
			name = Release;
		};
		B54E890C249F64F600047704 /* Debug */ = {
			isa = XCBuildConfiguration;
			baseConfigurationReference = CB6C62AE9265E70AA7B92C59 /* Pods-UniswapKitDemo.debug.xcconfig */;
			buildSettings = {
				ASSETCATALOG_COMPILER_APPICON_NAME = AppIcon;
				CODE_SIGN_STYLE = Automatic;
				DEVELOPMENT_TEAM = 9234M6VAS4;
				INFOPLIST_FILE = UniswapKitDemo/Info.plist;
				LD_RUNPATH_SEARCH_PATHS = (
					"$(inherited)",
					"@executable_path/Frameworks",
				);
				PRODUCT_BUNDLE_IDENTIFIER = com.fridaytech.UniswapKitDemo;
				PRODUCT_NAME = UniswapKitDemo;
				SWIFT_VERSION = 5.0;
				TARGETED_DEVICE_FAMILY = "1,2";
			};
			name = Debug;
		};
		B54E890D249F64F600047704 /* Release */ = {
			isa = XCBuildConfiguration;
			baseConfigurationReference = 2823F65ED4980A0B78BDCCDB /* Pods-UniswapKitDemo.release.xcconfig */;
			buildSettings = {
				ASSETCATALOG_COMPILER_APPICON_NAME = AppIcon;
				CODE_SIGN_STYLE = Automatic;
				DEVELOPMENT_TEAM = 9234M6VAS4;
				INFOPLIST_FILE = UniswapKitDemo/Info.plist;
				LD_RUNPATH_SEARCH_PATHS = (
					"$(inherited)",
					"@executable_path/Frameworks",
				);
				PRODUCT_BUNDLE_IDENTIFIER = com.fridaytech.UniswapKitDemo;
				PRODUCT_NAME = UniswapKitDemo;
				SWIFT_VERSION = 5.0;
				TARGETED_DEVICE_FAMILY = "1,2";
			};
			name = Release;
		};
/* End XCBuildConfiguration section */

/* Begin XCConfigurationList section */
		B54E88F2249F64F400047704 /* Build configuration list for PBXProject "UniswapKitDemo" */ = {
			isa = XCConfigurationList;
			buildConfigurations = (
				B54E8909249F64F600047704 /* Debug */,
				B54E890A249F64F600047704 /* Release */,
			);
			defaultConfigurationIsVisible = 0;
			defaultConfigurationName = Release;
		};
		B54E890B249F64F600047704 /* Build configuration list for PBXNativeTarget "UniswapKitDemo" */ = {
			isa = XCConfigurationList;
			buildConfigurations = (
				B54E890C249F64F600047704 /* Debug */,
				B54E890D249F64F600047704 /* Release */,
			);
			defaultConfigurationIsVisible = 0;
			defaultConfigurationName = Release;
		};
/* End XCConfigurationList section */
	};
	rootObject = B54E88EF249F64F400047704 /* Project object */;
}
